
Microsoft Visual Studio Solution File, Format Version 12.00
# Visual Studio Version 16
VisualStudioVersion = 16.0.30114.105
MinimumVisualStudioVersion = 10.0.40219.1
Project("{9A19103F-16F7-4668-BE54-9A1E7A4F7556}") = "R5T.T0044.X0001", "R5T.T0044.X0001\R5T.T0044.X0001.csproj", "{6EC10EC3-5C8C-4049-94E1-693188244024}"
EndProject
Project("{2150E333-8FDC-42A3-9474-1A3956D46DE8}") = "_Dependencies", "_Dependencies", "{18F8877D-C82F-4918-9D8A-6D19BD286767}"
EndProject
Project("{9A19103F-16F7-4668-BE54-9A1E7A4F7556}") = "R5T.T0044.X001", "..\..\R5T.T0044\source\R5T.T0044.X001\R5T.T0044.X001.csproj", "{0001DA51-498A-46D9-A93B-2A71E9B63638}"
EndProject
Project("{9A19103F-16F7-4668-BE54-9A1E7A4F7556}") = "R5T.T0124.X0001", "..\..\R5T.T0124.X0001\source\R5T.T0124.X0001\R5T.T0124.X0001.csproj", "{F181B591-1099-4D6E-9636-B420C2D8AAF1}"
EndProject
Project("{9A19103F-16F7-4668-BE54-9A1E7A4F7556}") = "R5T.T0041.X002", "..\..\R5T.T0041\source\R5T.T0041.X002\R5T.T0041.X002.csproj", "{F8EA996D-E3CB-4090-9853-A1FE67F6B960}"
EndProject
Project("{9A19103F-16F7-4668-BE54-9A1E7A4F7556}") = "R5T.Magyar.T002.X000", "..\..\R5T.Magyar\source\R5T.Magyar.T002.X000\R5T.Magyar.T002.X000.csproj", "{50FA2C52-78F0-436C-8A67-0D3734E29742}"
EndProject
Project("{9A19103F-16F7-4668-BE54-9A1E7A4F7556}") = "R5T.Magyar.T002", "..\..\R5T.Magyar\source\R5T.Magyar.T002\R5T.Magyar.T002.csproj", "{102E6BDC-EC9B-4A32-A049-C353F4FA4BD5}"
EndProject
Project("{9A19103F-16F7-4668-BE54-9A1E7A4F7556}") = "R5T.T0039.T002", "..\..\R5T.T0039\source\R5T.T0039.T002\R5T.T0039.T002.csproj", "{7DF4CC28-88DB-4EFD-9803-E34BDF5602B6}"
EndProject
Project("{9A19103F-16F7-4668-BE54-9A1E7A4F7556}") = "R5T.T0021.X003", "..\..\R5T.T0021\source\R5T.T0021.X003\R5T.T0021.X003.csproj", "{87366FFD-3C94-4BEB-851A-7878A0554BE4}"
EndProject
Project("{9A19103F-16F7-4668-BE54-9A1E7A4F7556}") = "R5T.Magyar", "..\..\R5T.Magyar\source\R5T.Magyar\R5T.Magyar.csproj", "{89CD14A4-D284-4860-BF35-439D2B8BE3AB}"
EndProject
Project("{9A19103F-16F7-4668-BE54-9A1E7A4F7556}") = "R5T.T0021", "..\..\R5T.T0021\source\R5T.T0021\R5T.T0021.csproj", "{009771CB-FDDF-416E-A521-5FEC35838B82}"
EndProject
Project("{9A19103F-16F7-4668-BE54-9A1E7A4F7556}") = "R5T.T0042.X001", "..\..\R5T.T0042\source\R5T.T0042.X001\R5T.T0042.X001.csproj", "{40571783-946E-487A-BA7F-088B8A86ABD2}"
EndProject
Project("{9A19103F-16F7-4668-BE54-9A1E7A4F7556}") = "R5T.T0042", "..\..\R5T.T0042\source\R5T.T0042\R5T.T0042.csproj", "{FC42C4BF-32A6-4A19-891D-6E2F5495D56A}"
EndProject
Project("{9A19103F-16F7-4668-BE54-9A1E7A4F7556}") = "R5T.T0041.X001", "..\..\R5T.T0041\source\R5T.T0041.X001\R5T.T0041.X001.csproj", "{C50D59F3-9848-4321-80E4-1BC7ADE3747D}"
EndProject
Project("{9A19103F-16F7-4668-BE54-9A1E7A4F7556}") = "R5T.T0041", "..\..\R5T.T0041\source\R5T.T0041\R5T.T0041.csproj", "{C68C4768-C2CB-4AA0-B46C-130C39C07388}"
EndProject
Project("{9A19103F-16F7-4668-BE54-9A1E7A4F7556}") = "R5T.T0044", "..\..\R5T.T0044\source\R5T.T0044\R5T.T0044.csproj", "{DC234920-B49D-4002-ABF3-6EDD12F759B4}"
EndProject
Project("{9A19103F-16F7-4668-BE54-9A1E7A4F7556}") = "R5T.T0032.X0001.X002", "..\..\R5T.T0032.X0001\source\R5T.T0032.X0001.X002\R5T.T0032.X0001.X002.csproj", "{978DD388-7794-4084-A538-BBCB1DD825EE}"
EndProject
Project("{9A19103F-16F7-4668-BE54-9A1E7A4F7556}") = "R5T.T0032", "..\..\R5T.T0032\source\R5T.T0032\R5T.T0032.csproj", "{1584842D-4203-4885-BE7B-79D0550EA88E}"
EndProject
Project("{9A19103F-16F7-4668-BE54-9A1E7A4F7556}") = "R5T.T0124.X001", "..\..\R5T.T0124\source\R5T.T0124.X001\R5T.T0124.X001.csproj", "{AEFE719D-1697-43B3-9A1A-16033528ADFB}"
EndProject
Project("{9A19103F-16F7-4668-BE54-9A1E7A4F7556}") = "R5T.T0124", "..\..\R5T.T0124\source\R5T.T0124\R5T.T0124.csproj", "{ABC46D15-6C9C-40E5-B94D-F05A2DB13721}"
EndProject
Global
	GlobalSection(SolutionConfigurationPlatforms) = preSolution
		Debug|Any CPU = Debug|Any CPU
		Debug|x64 = Debug|x64
		Debug|x86 = Debug|x86
		Release|Any CPU = Release|Any CPU
		Release|x64 = Release|x64
		Release|x86 = Release|x86
	EndGlobalSection
	GlobalSection(ProjectConfigurationPlatforms) = postSolution
		{6EC10EC3-5C8C-4049-94E1-693188244024}.Debug|Any CPU.ActiveCfg = Debug|Any CPU
		{6EC10EC3-5C8C-4049-94E1-693188244024}.Debug|Any CPU.Build.0 = Debug|Any CPU
		{6EC10EC3-5C8C-4049-94E1-693188244024}.Debug|x64.ActiveCfg = Debug|Any CPU
		{6EC10EC3-5C8C-4049-94E1-693188244024}.Debug|x64.Build.0 = Debug|Any CPU
		{6EC10EC3-5C8C-4049-94E1-693188244024}.Debug|x86.ActiveCfg = Debug|Any CPU
		{6EC10EC3-5C8C-4049-94E1-693188244024}.Debug|x86.Build.0 = Debug|Any CPU
		{6EC10EC3-5C8C-4049-94E1-693188244024}.Release|Any CPU.ActiveCfg = Release|Any CPU
		{6EC10EC3-5C8C-4049-94E1-693188244024}.Release|Any CPU.Build.0 = Release|Any CPU
		{6EC10EC3-5C8C-4049-94E1-693188244024}.Release|x64.ActiveCfg = Release|Any CPU
		{6EC10EC3-5C8C-4049-94E1-693188244024}.Release|x64.Build.0 = Release|Any CPU
		{6EC10EC3-5C8C-4049-94E1-693188244024}.Release|x86.ActiveCfg = Release|Any CPU
		{6EC10EC3-5C8C-4049-94E1-693188244024}.Release|x86.Build.0 = Release|Any CPU
		{0001DA51-498A-46D9-A93B-2A71E9B63638}.Debug|Any CPU.ActiveCfg = Debug|Any CPU
		{0001DA51-498A-46D9-A93B-2A71E9B63638}.Debug|Any CPU.Build.0 = Debug|Any CPU
		{0001DA51-498A-46D9-A93B-2A71E9B63638}.Debug|x64.ActiveCfg = Debug|Any CPU
		{0001DA51-498A-46D9-A93B-2A71E9B63638}.Debug|x64.Build.0 = Debug|Any CPU
		{0001DA51-498A-46D9-A93B-2A71E9B63638}.Debug|x86.ActiveCfg = Debug|Any CPU
		{0001DA51-498A-46D9-A93B-2A71E9B63638}.Debug|x86.Build.0 = Debug|Any CPU
		{0001DA51-498A-46D9-A93B-2A71E9B63638}.Release|Any CPU.ActiveCfg = Release|Any CPU
		{0001DA51-498A-46D9-A93B-2A71E9B63638}.Release|Any CPU.Build.0 = Release|Any CPU
		{0001DA51-498A-46D9-A93B-2A71E9B63638}.Release|x64.ActiveCfg = Release|Any CPU
		{0001DA51-498A-46D9-A93B-2A71E9B63638}.Release|x64.Build.0 = Release|Any CPU
		{0001DA51-498A-46D9-A93B-2A71E9B63638}.Release|x86.ActiveCfg = Release|Any CPU
		{0001DA51-498A-46D9-A93B-2A71E9B63638}.Release|x86.Build.0 = Release|Any CPU
		{F181B591-1099-4D6E-9636-B420C2D8AAF1}.Debug|Any CPU.ActiveCfg = Debug|Any CPU
		{F181B591-1099-4D6E-9636-B420C2D8AAF1}.Debug|Any CPU.Build.0 = Debug|Any CPU
		{F181B591-1099-4D6E-9636-B420C2D8AAF1}.Debug|x64.ActiveCfg = Debug|Any CPU
		{F181B591-1099-4D6E-9636-B420C2D8AAF1}.Debug|x64.Build.0 = Debug|Any CPU
		{F181B591-1099-4D6E-9636-B420C2D8AAF1}.Debug|x86.ActiveCfg = Debug|Any CPU
		{F181B591-1099-4D6E-9636-B420C2D8AAF1}.Debug|x86.Build.0 = Debug|Any CPU
		{F181B591-1099-4D6E-9636-B420C2D8AAF1}.Release|Any CPU.ActiveCfg = Release|Any CPU
		{F181B591-1099-4D6E-9636-B420C2D8AAF1}.Release|Any CPU.Build.0 = Release|Any CPU
		{F181B591-1099-4D6E-9636-B420C2D8AAF1}.Release|x64.ActiveCfg = Release|Any CPU
		{F181B591-1099-4D6E-9636-B420C2D8AAF1}.Release|x64.Build.0 = Release|Any CPU
		{F181B591-1099-4D6E-9636-B420C2D8AAF1}.Release|x86.ActiveCfg = Release|Any CPU
		{F181B591-1099-4D6E-9636-B420C2D8AAF1}.Release|x86.Build.0 = Release|Any CPU
		{F8EA996D-E3CB-4090-9853-A1FE67F6B960}.Debug|Any CPU.ActiveCfg = Debug|Any CPU
		{F8EA996D-E3CB-4090-9853-A1FE67F6B960}.Debug|Any CPU.Build.0 = Debug|Any CPU
		{F8EA996D-E3CB-4090-9853-A1FE67F6B960}.Debug|x64.ActiveCfg = Debug|Any CPU
		{F8EA996D-E3CB-4090-9853-A1FE67F6B960}.Debug|x64.Build.0 = Debug|Any CPU
		{F8EA996D-E3CB-4090-9853-A1FE67F6B960}.Debug|x86.ActiveCfg = Debug|Any CPU
		{F8EA996D-E3CB-4090-9853-A1FE67F6B960}.Debug|x86.Build.0 = Debug|Any CPU
		{F8EA996D-E3CB-4090-9853-A1FE67F6B960}.Release|Any CPU.ActiveCfg = Release|Any CPU
		{F8EA996D-E3CB-4090-9853-A1FE67F6B960}.Release|Any CPU.Build.0 = Release|Any CPU
		{F8EA996D-E3CB-4090-9853-A1FE67F6B960}.Release|x64.ActiveCfg = Release|Any CPU
		{F8EA996D-E3CB-4090-9853-A1FE67F6B960}.Release|x64.Build.0 = Release|Any CPU
		{F8EA996D-E3CB-4090-9853-A1FE67F6B960}.Release|x86.ActiveCfg = Release|Any CPU
		{F8EA996D-E3CB-4090-9853-A1FE67F6B960}.Release|x86.Build.0 = Release|Any CPU
		{50FA2C52-78F0-436C-8A67-0D3734E29742}.Debug|Any CPU.ActiveCfg = Debug|Any CPU
		{50FA2C52-78F0-436C-8A67-0D3734E29742}.Debug|Any CPU.Build.0 = Debug|Any CPU
		{50FA2C52-78F0-436C-8A67-0D3734E29742}.Debug|x64.ActiveCfg = Debug|Any CPU
		{50FA2C52-78F0-436C-8A67-0D3734E29742}.Debug|x64.Build.0 = Debug|Any CPU
		{50FA2C52-78F0-436C-8A67-0D3734E29742}.Debug|x86.ActiveCfg = Debug|Any CPU
		{50FA2C52-78F0-436C-8A67-0D3734E29742}.Debug|x86.Build.0 = Debug|Any CPU
		{50FA2C52-78F0-436C-8A67-0D3734E29742}.Release|Any CPU.ActiveCfg = Release|Any CPU
		{50FA2C52-78F0-436C-8A67-0D3734E29742}.Release|Any CPU.Build.0 = Release|Any CPU
		{50FA2C52-78F0-436C-8A67-0D3734E29742}.Release|x64.ActiveCfg = Release|Any CPU
		{50FA2C52-78F0-436C-8A67-0D3734E29742}.Release|x64.Build.0 = Release|Any CPU
		{50FA2C52-78F0-436C-8A67-0D3734E29742}.Release|x86.ActiveCfg = Release|Any CPU
		{50FA2C52-78F0-436C-8A67-0D3734E29742}.Release|x86.Build.0 = Release|Any CPU
		{102E6BDC-EC9B-4A32-A049-C353F4FA4BD5}.Debug|Any CPU.ActiveCfg = Debug|Any CPU
		{102E6BDC-EC9B-4A32-A049-C353F4FA4BD5}.Debug|Any CPU.Build.0 = Debug|Any CPU
		{102E6BDC-EC9B-4A32-A049-C353F4FA4BD5}.Debug|x64.ActiveCfg = Debug|Any CPU
		{102E6BDC-EC9B-4A32-A049-C353F4FA4BD5}.Debug|x64.Build.0 = Debug|Any CPU
		{102E6BDC-EC9B-4A32-A049-C353F4FA4BD5}.Debug|x86.ActiveCfg = Debug|Any CPU
		{102E6BDC-EC9B-4A32-A049-C353F4FA4BD5}.Debug|x86.Build.0 = Debug|Any CPU
		{102E6BDC-EC9B-4A32-A049-C353F4FA4BD5}.Release|Any CPU.ActiveCfg = Release|Any CPU
		{102E6BDC-EC9B-4A32-A049-C353F4FA4BD5}.Release|Any CPU.Build.0 = Release|Any CPU
		{102E6BDC-EC9B-4A32-A049-C353F4FA4BD5}.Release|x64.ActiveCfg = Release|Any CPU
		{102E6BDC-EC9B-4A32-A049-C353F4FA4BD5}.Release|x64.Build.0 = Release|Any CPU
		{102E6BDC-EC9B-4A32-A049-C353F4FA4BD5}.Release|x86.ActiveCfg = Release|Any CPU
		{102E6BDC-EC9B-4A32-A049-C353F4FA4BD5}.Release|x86.Build.0 = Release|Any CPU
		{7DF4CC28-88DB-4EFD-9803-E34BDF5602B6}.Debug|Any CPU.ActiveCfg = Debug|Any CPU
		{7DF4CC28-88DB-4EFD-9803-E34BDF5602B6}.Debug|Any CPU.Build.0 = Debug|Any CPU
		{7DF4CC28-88DB-4EFD-9803-E34BDF5602B6}.Debug|x64.ActiveCfg = Debug|Any CPU
		{7DF4CC28-88DB-4EFD-9803-E34BDF5602B6}.Debug|x64.Build.0 = Debug|Any CPU
		{7DF4CC28-88DB-4EFD-9803-E34BDF5602B6}.Debug|x86.ActiveCfg = Debug|Any CPU
		{7DF4CC28-88DB-4EFD-9803-E34BDF5602B6}.Debug|x86.Build.0 = Debug|Any CPU
		{7DF4CC28-88DB-4EFD-9803-E34BDF5602B6}.Release|Any CPU.ActiveCfg = Release|Any CPU
		{7DF4CC28-88DB-4EFD-9803-E34BDF5602B6}.Release|Any CPU.Build.0 = Release|Any CPU
		{7DF4CC28-88DB-4EFD-9803-E34BDF5602B6}.Release|x64.ActiveCfg = Release|Any CPU
		{7DF4CC28-88DB-4EFD-9803-E34BDF5602B6}.Release|x64.Build.0 = Release|Any CPU
		{7DF4CC28-88DB-4EFD-9803-E34BDF5602B6}.Release|x86.ActiveCfg = Release|Any CPU
		{7DF4CC28-88DB-4EFD-9803-E34BDF5602B6}.Release|x86.Build.0 = Release|Any CPU
		{87366FFD-3C94-4BEB-851A-7878A0554BE4}.Debug|Any CPU.ActiveCfg = Debug|Any CPU
		{87366FFD-3C94-4BEB-851A-7878A0554BE4}.Debug|Any CPU.Build.0 = Debug|Any CPU
		{87366FFD-3C94-4BEB-851A-7878A0554BE4}.Debug|x64.ActiveCfg = Debug|Any CPU
		{87366FFD-3C94-4BEB-851A-7878A0554BE4}.Debug|x64.Build.0 = Debug|Any CPU
		{87366FFD-3C94-4BEB-851A-7878A0554BE4}.Debug|x86.ActiveCfg = Debug|Any CPU
		{87366FFD-3C94-4BEB-851A-7878A0554BE4}.Debug|x86.Build.0 = Debug|Any CPU
		{87366FFD-3C94-4BEB-851A-7878A0554BE4}.Release|Any CPU.ActiveCfg = Release|Any CPU
		{87366FFD-3C94-4BEB-851A-7878A0554BE4}.Release|Any CPU.Build.0 = Release|Any CPU
		{87366FFD-3C94-4BEB-851A-7878A0554BE4}.Release|x64.ActiveCfg = Release|Any CPU
		{87366FFD-3C94-4BEB-851A-7878A0554BE4}.Release|x64.Build.0 = Release|Any CPU
		{87366FFD-3C94-4BEB-851A-7878A0554BE4}.Release|x86.ActiveCfg = Release|Any CPU
		{87366FFD-3C94-4BEB-851A-7878A0554BE4}.Release|x86.Build.0 = Release|Any CPU
		{89CD14A4-D284-4860-BF35-439D2B8BE3AB}.Debug|Any CPU.ActiveCfg = Debug|Any CPU
		{89CD14A4-D284-4860-BF35-439D2B8BE3AB}.Debug|Any CPU.Build.0 = Debug|Any CPU
		{89CD14A4-D284-4860-BF35-439D2B8BE3AB}.Debug|x64.ActiveCfg = Debug|Any CPU
		{89CD14A4-D284-4860-BF35-439D2B8BE3AB}.Debug|x64.Build.0 = Debug|Any CPU
		{89CD14A4-D284-4860-BF35-439D2B8BE3AB}.Debug|x86.ActiveCfg = Debug|Any CPU
		{89CD14A4-D284-4860-BF35-439D2B8BE3AB}.Debug|x86.Build.0 = Debug|Any CPU
		{89CD14A4-D284-4860-BF35-439D2B8BE3AB}.Release|Any CPU.ActiveCfg = Release|Any CPU
		{89CD14A4-D284-4860-BF35-439D2B8BE3AB}.Release|Any CPU.Build.0 = Release|Any CPU
		{89CD14A4-D284-4860-BF35-439D2B8BE3AB}.Release|x64.ActiveCfg = Release|Any CPU
		{89CD14A4-D284-4860-BF35-439D2B8BE3AB}.Release|x64.Build.0 = Release|Any CPU
		{89CD14A4-D284-4860-BF35-439D2B8BE3AB}.Release|x86.ActiveCfg = Release|Any CPU
		{89CD14A4-D284-4860-BF35-439D2B8BE3AB}.Release|x86.Build.0 = Release|Any CPU
		{009771CB-FDDF-416E-A521-5FEC35838B82}.Debug|Any CPU.ActiveCfg = Debug|Any CPU
		{009771CB-FDDF-416E-A521-5FEC35838B82}.Debug|Any CPU.Build.0 = Debug|Any CPU
		{009771CB-FDDF-416E-A521-5FEC35838B82}.Debug|x64.ActiveCfg = Debug|Any CPU
		{009771CB-FDDF-416E-A521-5FEC35838B82}.Debug|x64.Build.0 = Debug|Any CPU
		{009771CB-FDDF-416E-A521-5FEC35838B82}.Debug|x86.ActiveCfg = Debug|Any CPU
		{009771CB-FDDF-416E-A521-5FEC35838B82}.Debug|x86.Build.0 = Debug|Any CPU
		{009771CB-FDDF-416E-A521-5FEC35838B82}.Release|Any CPU.ActiveCfg = Release|Any CPU
		{009771CB-FDDF-416E-A521-5FEC35838B82}.Release|Any CPU.Build.0 = Release|Any CPU
		{009771CB-FDDF-416E-A521-5FEC35838B82}.Release|x64.ActiveCfg = Release|Any CPU
		{009771CB-FDDF-416E-A521-5FEC35838B82}.Release|x64.Build.0 = Release|Any CPU
		{009771CB-FDDF-416E-A521-5FEC35838B82}.Release|x86.ActiveCfg = Release|Any CPU
		{009771CB-FDDF-416E-A521-5FEC35838B82}.Release|x86.Build.0 = Release|Any CPU
		{40571783-946E-487A-BA7F-088B8A86ABD2}.Debug|Any CPU.ActiveCfg = Debug|Any CPU
		{40571783-946E-487A-BA7F-088B8A86ABD2}.Debug|Any CPU.Build.0 = Debug|Any CPU
		{40571783-946E-487A-BA7F-088B8A86ABD2}.Debug|x64.ActiveCfg = Debug|Any CPU
		{40571783-946E-487A-BA7F-088B8A86ABD2}.Debug|x64.Build.0 = Debug|Any CPU
		{40571783-946E-487A-BA7F-088B8A86ABD2}.Debug|x86.ActiveCfg = Debug|Any CPU
		{40571783-946E-487A-BA7F-088B8A86ABD2}.Debug|x86.Build.0 = Debug|Any CPU
		{40571783-946E-487A-BA7F-088B8A86ABD2}.Release|Any CPU.ActiveCfg = Release|Any CPU
		{40571783-946E-487A-BA7F-088B8A86ABD2}.Release|Any CPU.Build.0 = Release|Any CPU
		{40571783-946E-487A-BA7F-088B8A86ABD2}.Release|x64.ActiveCfg = Release|Any CPU
		{40571783-946E-487A-BA7F-088B8A86ABD2}.Release|x64.Build.0 = Release|Any CPU
		{40571783-946E-487A-BA7F-088B8A86ABD2}.Release|x86.ActiveCfg = Release|Any CPU
		{40571783-946E-487A-BA7F-088B8A86ABD2}.Release|x86.Build.0 = Release|Any CPU
		{FC42C4BF-32A6-4A19-891D-6E2F5495D56A}.Debug|Any CPU.ActiveCfg = Debug|Any CPU
		{FC42C4BF-32A6-4A19-891D-6E2F5495D56A}.Debug|Any CPU.Build.0 = Debug|Any CPU
		{FC42C4BF-32A6-4A19-891D-6E2F5495D56A}.Debug|x64.ActiveCfg = Debug|Any CPU
		{FC42C4BF-32A6-4A19-891D-6E2F5495D56A}.Debug|x64.Build.0 = Debug|Any CPU
		{FC42C4BF-32A6-4A19-891D-6E2F5495D56A}.Debug|x86.ActiveCfg = Debug|Any CPU
		{FC42C4BF-32A6-4A19-891D-6E2F5495D56A}.Debug|x86.Build.0 = Debug|Any CPU
		{FC42C4BF-32A6-4A19-891D-6E2F5495D56A}.Release|Any CPU.ActiveCfg = Release|Any CPU
		{FC42C4BF-32A6-4A19-891D-6E2F5495D56A}.Release|Any CPU.Build.0 = Release|Any CPU
		{FC42C4BF-32A6-4A19-891D-6E2F5495D56A}.Release|x64.ActiveCfg = Release|Any CPU
		{FC42C4BF-32A6-4A19-891D-6E2F5495D56A}.Release|x64.Build.0 = Release|Any CPU
		{FC42C4BF-32A6-4A19-891D-6E2F5495D56A}.Release|x86.ActiveCfg = Release|Any CPU
		{FC42C4BF-32A6-4A19-891D-6E2F5495D56A}.Release|x86.Build.0 = Release|Any CPU
		{C50D59F3-9848-4321-80E4-1BC7ADE3747D}.Debug|Any CPU.ActiveCfg = Debug|Any CPU
		{C50D59F3-9848-4321-80E4-1BC7ADE3747D}.Debug|Any CPU.Build.0 = Debug|Any CPU
		{C50D59F3-9848-4321-80E4-1BC7ADE3747D}.Debug|x64.ActiveCfg = Debug|Any CPU
		{C50D59F3-9848-4321-80E4-1BC7ADE3747D}.Debug|x64.Build.0 = Debug|Any CPU
		{C50D59F3-9848-4321-80E4-1BC7ADE3747D}.Debug|x86.ActiveCfg = Debug|Any CPU
		{C50D59F3-9848-4321-80E4-1BC7ADE3747D}.Debug|x86.Build.0 = Debug|Any CPU
		{C50D59F3-9848-4321-80E4-1BC7ADE3747D}.Release|Any CPU.ActiveCfg = Release|Any CPU
		{C50D59F3-9848-4321-80E4-1BC7ADE3747D}.Release|Any CPU.Build.0 = Release|Any CPU
		{C50D59F3-9848-4321-80E4-1BC7ADE3747D}.Release|x64.ActiveCfg = Release|Any CPU
		{C50D59F3-9848-4321-80E4-1BC7ADE3747D}.Release|x64.Build.0 = Release|Any CPU
		{C50D59F3-9848-4321-80E4-1BC7ADE3747D}.Release|x86.ActiveCfg = Release|Any CPU
		{C50D59F3-9848-4321-80E4-1BC7ADE3747D}.Release|x86.Build.0 = Release|Any CPU
		{C68C4768-C2CB-4AA0-B46C-130C39C07388}.Debug|Any CPU.ActiveCfg = Debug|Any CPU
		{C68C4768-C2CB-4AA0-B46C-130C39C07388}.Debug|Any CPU.Build.0 = Debug|Any CPU
		{C68C4768-C2CB-4AA0-B46C-130C39C07388}.Debug|x64.ActiveCfg = Debug|Any CPU
		{C68C4768-C2CB-4AA0-B46C-130C39C07388}.Debug|x64.Build.0 = Debug|Any CPU
		{C68C4768-C2CB-4AA0-B46C-130C39C07388}.Debug|x86.ActiveCfg = Debug|Any CPU
		{C68C4768-C2CB-4AA0-B46C-130C39C07388}.Debug|x86.Build.0 = Debug|Any CPU
		{C68C4768-C2CB-4AA0-B46C-130C39C07388}.Release|Any CPU.ActiveCfg = Release|Any CPU
		{C68C4768-C2CB-4AA0-B46C-130C39C07388}.Release|Any CPU.Build.0 = Release|Any CPU
		{C68C4768-C2CB-4AA0-B46C-130C39C07388}.Release|x64.ActiveCfg = Release|Any CPU
		{C68C4768-C2CB-4AA0-B46C-130C39C07388}.Release|x64.Build.0 = Release|Any CPU
		{C68C4768-C2CB-4AA0-B46C-130C39C07388}.Release|x86.ActiveCfg = Release|Any CPU
		{C68C4768-C2CB-4AA0-B46C-130C39C07388}.Release|x86.Build.0 = Release|Any CPU
		{DC234920-B49D-4002-ABF3-6EDD12F759B4}.Debug|Any CPU.ActiveCfg = Debug|Any CPU
		{DC234920-B49D-4002-ABF3-6EDD12F759B4}.Debug|Any CPU.Build.0 = Debug|Any CPU
		{DC234920-B49D-4002-ABF3-6EDD12F759B4}.Debug|x64.ActiveCfg = Debug|Any CPU
		{DC234920-B49D-4002-ABF3-6EDD12F759B4}.Debug|x64.Build.0 = Debug|Any CPU
		{DC234920-B49D-4002-ABF3-6EDD12F759B4}.Debug|x86.ActiveCfg = Debug|Any CPU
		{DC234920-B49D-4002-ABF3-6EDD12F759B4}.Debug|x86.Build.0 = Debug|Any CPU
		{DC234920-B49D-4002-ABF3-6EDD12F759B4}.Release|Any CPU.ActiveCfg = Release|Any CPU
		{DC234920-B49D-4002-ABF3-6EDD12F759B4}.Release|Any CPU.Build.0 = Release|Any CPU
		{DC234920-B49D-4002-ABF3-6EDD12F759B4}.Release|x64.ActiveCfg = Release|Any CPU
		{DC234920-B49D-4002-ABF3-6EDD12F759B4}.Release|x64.Build.0 = Release|Any CPU
		{DC234920-B49D-4002-ABF3-6EDD12F759B4}.Release|x86.ActiveCfg = Release|Any CPU
		{DC234920-B49D-4002-ABF3-6EDD12F759B4}.Release|x86.Build.0 = Release|Any CPU
		{978DD388-7794-4084-A538-BBCB1DD825EE}.Debug|Any CPU.ActiveCfg = Debug|Any CPU
		{978DD388-7794-4084-A538-BBCB1DD825EE}.Debug|Any CPU.Build.0 = Debug|Any CPU
		{978DD388-7794-4084-A538-BBCB1DD825EE}.Debug|x64.ActiveCfg = Debug|Any CPU
		{978DD388-7794-4084-A538-BBCB1DD825EE}.Debug|x64.Build.0 = Debug|Any CPU
		{978DD388-7794-4084-A538-BBCB1DD825EE}.Debug|x86.ActiveCfg = Debug|Any CPU
		{978DD388-7794-4084-A538-BBCB1DD825EE}.Debug|x86.Build.0 = Debug|Any CPU
		{978DD388-7794-4084-A538-BBCB1DD825EE}.Release|Any CPU.ActiveCfg = Release|Any CPU
		{978DD388-7794-4084-A538-BBCB1DD825EE}.Release|Any CPU.Build.0 = Release|Any CPU
		{978DD388-7794-4084-A538-BBCB1DD825EE}.Release|x64.ActiveCfg = Release|Any CPU
		{978DD388-7794-4084-A538-BBCB1DD825EE}.Release|x64.Build.0 = Release|Any CPU
		{978DD388-7794-4084-A538-BBCB1DD825EE}.Release|x86.ActiveCfg = Release|Any CPU
		{978DD388-7794-4084-A538-BBCB1DD825EE}.Release|x86.Build.0 = Release|Any CPU
		{1584842D-4203-4885-BE7B-79D0550EA88E}.Debug|Any CPU.ActiveCfg = Debug|Any CPU
		{1584842D-4203-4885-BE7B-79D0550EA88E}.Debug|Any CPU.Build.0 = Debug|Any CPU
		{1584842D-4203-4885-BE7B-79D0550EA88E}.Debug|x64.ActiveCfg = Debug|Any CPU
		{1584842D-4203-4885-BE7B-79D0550EA88E}.Debug|x64.Build.0 = Debug|Any CPU
		{1584842D-4203-4885-BE7B-79D0550EA88E}.Debug|x86.ActiveCfg = Debug|Any CPU
		{1584842D-4203-4885-BE7B-79D0550EA88E}.Debug|x86.Build.0 = Debug|Any CPU
		{1584842D-4203-4885-BE7B-79D0550EA88E}.Release|Any CPU.ActiveCfg = Release|Any CPU
		{1584842D-4203-4885-BE7B-79D0550EA88E}.Release|Any CPU.Build.0 = Release|Any CPU
		{1584842D-4203-4885-BE7B-79D0550EA88E}.Release|x64.ActiveCfg = Release|Any CPU
		{1584842D-4203-4885-BE7B-79D0550EA88E}.Release|x64.Build.0 = Release|Any CPU
		{1584842D-4203-4885-BE7B-79D0550EA88E}.Release|x86.ActiveCfg = Release|Any CPU
		{1584842D-4203-4885-BE7B-79D0550EA88E}.Release|x86.Build.0 = Release|Any CPU
		{AEFE719D-1697-43B3-9A1A-16033528ADFB}.Debug|Any CPU.ActiveCfg = Debug|Any CPU
		{AEFE719D-1697-43B3-9A1A-16033528ADFB}.Debug|Any CPU.Build.0 = Debug|Any CPU
		{AEFE719D-1697-43B3-9A1A-16033528ADFB}.Debug|x64.ActiveCfg = Debug|Any CPU
		{AEFE719D-1697-43B3-9A1A-16033528ADFB}.Debug|x64.Build.0 = Debug|Any CPU
		{AEFE719D-1697-43B3-9A1A-16033528ADFB}.Debug|x86.ActiveCfg = Debug|Any CPU
		{AEFE719D-1697-43B3-9A1A-16033528ADFB}.Debug|x86.Build.0 = Debug|Any CPU
		{AEFE719D-1697-43B3-9A1A-16033528ADFB}.Release|Any CPU.ActiveCfg = Release|Any CPU
		{AEFE719D-1697-43B3-9A1A-16033528ADFB}.Release|Any CPU.Build.0 = Release|Any CPU
		{AEFE719D-1697-43B3-9A1A-16033528ADFB}.Release|x64.ActiveCfg = Release|Any CPU
		{AEFE719D-1697-43B3-9A1A-16033528ADFB}.Release|x64.Build.0 = Release|Any CPU
		{AEFE719D-1697-43B3-9A1A-16033528ADFB}.Release|x86.ActiveCfg = Release|Any CPU
		{AEFE719D-1697-43B3-9A1A-16033528ADFB}.Release|x86.Build.0 = Release|Any CPU
		{ABC46D15-6C9C-40E5-B94D-F05A2DB13721}.Debug|Any CPU.ActiveCfg = Debug|Any CPU
		{ABC46D15-6C9C-40E5-B94D-F05A2DB13721}.Debug|Any CPU.Build.0 = Debug|Any CPU
		{ABC46D15-6C9C-40E5-B94D-F05A2DB13721}.Debug|x64.ActiveCfg = Debug|Any CPU
		{ABC46D15-6C9C-40E5-B94D-F05A2DB13721}.Debug|x64.Build.0 = Debug|Any CPU
		{ABC46D15-6C9C-40E5-B94D-F05A2DB13721}.Debug|x86.ActiveCfg = Debug|Any CPU
		{ABC46D15-6C9C-40E5-B94D-F05A2DB13721}.Debug|x86.Build.0 = Debug|Any CPU
		{ABC46D15-6C9C-40E5-B94D-F05A2DB13721}.Release|Any CPU.ActiveCfg = Release|Any CPU
		{ABC46D15-6C9C-40E5-B94D-F05A2DB13721}.Release|Any CPU.Build.0 = Release|Any CPU
		{ABC46D15-6C9C-40E5-B94D-F05A2DB13721}.Release|x64.ActiveCfg = Release|Any CPU
		{ABC46D15-6C9C-40E5-B94D-F05A2DB13721}.Release|x64.Build.0 = Release|Any CPU
		{ABC46D15-6C9C-40E5-B94D-F05A2DB13721}.Release|x86.ActiveCfg = Release|Any CPU
		{ABC46D15-6C9C-40E5-B94D-F05A2DB13721}.Release|x86.Build.0 = Release|Any CPU
	EndGlobalSection
	GlobalSection(SolutionProperties) = preSolution
		HideSolutionNode = FALSE
	EndGlobalSection
	GlobalSection(NestedProjects) = preSolution
		{0001DA51-498A-46D9-A93B-2A71E9B63638} = {18F8877D-C82F-4918-9D8A-6D19BD286767}
		{F181B591-1099-4D6E-9636-B420C2D8AAF1} = {18F8877D-C82F-4918-9D8A-6D19BD286767}
		{F8EA996D-E3CB-4090-9853-A1FE67F6B960} = {18F8877D-C82F-4918-9D8A-6D19BD286767}
		{50FA2C52-78F0-436C-8A67-0D3734E29742} = {18F8877D-C82F-4918-9D8A-6D19BD286767}
		{102E6BDC-EC9B-4A32-A049-C353F4FA4BD5} = {18F8877D-C82F-4918-9D8A-6D19BD286767}
		{7DF4CC28-88DB-4EFD-9803-E34BDF5602B6} = {18F8877D-C82F-4918-9D8A-6D19BD286767}
		{87366FFD-3C94-4BEB-851A-7878A0554BE4} = {18F8877D-C82F-4918-9D8A-6D19BD286767}
		{89CD14A4-D284-4860-BF35-439D2B8BE3AB} = {18F8877D-C82F-4918-9D8A-6D19BD286767}
		{009771CB-FDDF-416E-A521-5FEC35838B82} = {18F8877D-C82F-4918-9D8A-6D19BD286767}
		{40571783-946E-487A-BA7F-088B8A86ABD2} = {18F8877D-C82F-4918-9D8A-6D19BD286767}
		{FC42C4BF-32A6-4A19-891D-6E2F5495D56A} = {18F8877D-C82F-4918-9D8A-6D19BD286767}
		{C50D59F3-9848-4321-80E4-1BC7ADE3747D} = {18F8877D-C82F-4918-9D8A-6D19BD286767}
		{C68C4768-C2CB-4AA0-B46C-130C39C07388} = {18F8877D-C82F-4918-9D8A-6D19BD286767}
		{DC234920-B49D-4002-ABF3-6EDD12F759B4} = {18F8877D-C82F-4918-9D8A-6D19BD286767}
		{978DD388-7794-4084-A538-BBCB1DD825EE} = {18F8877D-C82F-4918-9D8A-6D19BD286767}
		{1584842D-4203-4885-BE7B-79D0550EA88E} = {18F8877D-C82F-4918-9D8A-6D19BD286767}
		{AEFE719D-1697-43B3-9A1A-16033528ADFB} = {18F8877D-C82F-4918-9D8A-6D19BD286767}
		{ABC46D15-6C9C-40E5-B94D-F05A2DB13721} = {18F8877D-C82F-4918-9D8A-6D19BD286767}
	EndGlobalSection
	GlobalSection(ExtensibilityGlobals) = postSolution
		SolutionGuid = {0B444B94-3E31-43D1-8159-AC040F7390D4}
	EndGlobalSection
EndGlobal
